
Microsoft Visual Studio Solution File, Format Version 12.00
# Visual Studio 15
VisualStudioVersion = 15.0.27130.2036
MinimumVisualStudioVersion = 10.0.40219.1
Project("{FAE04EC0-301F-11D3-BF4B-00C04F79EFBC}") = "BannoUI", "BannoUI\BannoUI.csproj", "{D24BB319-F008-4D09-80D3-D8C2ADB59B6E}"
EndProject
Global
	GlobalSection(SolutionConfigurationPlatforms) = preSolution
		Debug|Any CPU = Debug|Any CPU
		Release|Any CPU = Release|Any CPU
	EndGlobalSection
	GlobalSection(ProjectConfigurationPlatforms) = postSolution
		{D24BB319-F008-4D09-80D3-D8C2ADB59B6E}.Debug|Any CPU.ActiveCfg = Debug|Any CPU
		{D24BB319-F008-4D09-80D3-D8C2ADB59B6E}.Debug|Any CPU.Build.0 = Debug|Any CPU
		{D24BB319-F008-4D09-80D3-D8C2ADB59B6E}.Release|Any CPU.ActiveCfg = Release|Any CPU
		{D24BB319-F008-4D09-80D3-D8C2ADB59B6E}.Release|Any CPU.Build.0 = Release|Any CPU
	EndGlobalSection
	GlobalSection(SolutionProperties) = preSolution
		HideSolutionNode = FALSE
	EndGlobalSection
	GlobalSection(ExtensibilityGlobals) = postSolution
		SolutionGuid = {608EE772-6316-4698-8ABE-2C7123A522A4}
	EndGlobalSection
EndGlobal
